PODS:
  - Alamofire (3.4.0)
  - QPXExpressWrapper (0.1.0)

DEPENDENCIES:
  - Alamofire
  - QPXExpressWrapper

SPEC CHECKSUMS:
  Alamofire: c19a627cefd6a95f840401c49ab1f124e07f54ee
  QPXExpressWrapper: 2c29b136365d76d6c7e0357766a3e00716e5a5e3

PODFILE CHECKSUM: 765d8d6bba111ece61f073939ebcd7ea399a0819

COCOAPODS: 1.0.0
