// !$*UTF8*$!
{
	archiveVersion = 1;
	classes = {
	};
	objectVersion = 46;
	objects = {

/* Begin PBXBuildFile section */
		512123BC1CCEF70B00E9046C /* LocalizedStrings.swift in Sources */ = {isa = PBXBuildFile; fileRef = 512123BB1CCEF70B00E9046C /* LocalizedStrings.swift */; };
		512DD9EF1C6AE147001194F9 /* AppDelegate.swift in Sources */ = {isa = PBXBuildFile; fileRef = 512DD9EE1C6AE147001194F9 /* AppDelegate.swift */; };
		512DD9F41C6AE147001194F9 /* Main.storyboard in Resources */ = {isa = PBXBuildFile; fileRef = 512DD9F21C6AE147001194F9 /* Main.storyboard */; };
		512DD9F61C6AE147001194F9 /* Assets.xcassets in Resources */ = {isa = PBXBuildFile; fileRef = 512DD9F51C6AE147001194F9 /* Assets.xcassets */; };
		512DD9F91C6AE147001194F9 /* LaunchScreen.storyboard in Resources */ = {isa = PBXBuildFile; fileRef = 512DD9F71C6AE147001194F9 /* LaunchScreen.storyboard */; };
		5194C6DC1C80052300826455 /* Trips.storyboard in Resources */ = {isa = PBXBuildFile; fileRef = 5194C6DA1C80052300826455 /* Trips.storyboard */; };
		5194C6E21C8530DE00826455 /* DateViewController.swift in Sources */ = {isa = PBXBuildFile; fileRef = 5194C6E11C8530DE00826455 /* DateViewController.swift */; };
		5194C6E41C85395E00826455 /* TripManager.swift in Sources */ = {isa = PBXBuildFile; fileRef = 5194C6E31C85395E00826455 /* TripManager.swift */; };
		5194C6E71C853F1400826455 /* TripsDataSource.swift in Sources */ = {isa = PBXBuildFile; fileRef = 5194C6E61C853F1400826455 /* TripsDataSource.swift */; };
		5194C6EA1C8541BE00826455 /* TripCell.swift in Sources */ = {isa = PBXBuildFile; fileRef = 5194C6E91C8541BE00826455 /* TripCell.swift */; };
		5194C6EF1C85420E00826455 /* TripCell.xib in Resources */ = {isa = PBXBuildFile; fileRef = 5194C6EE1C85420E00826455 /* TripCell.xib */; };
		51B6230F1CDE9D8F004CE5B6 /* TripHeaderView.swift in Sources */ = {isa = PBXBuildFile; fileRef = 51B6230D1CDE9D8F004CE5B6 /* TripHeaderView.swift */; };
		51B623101CDE9D8F004CE5B6 /* TripHeaderView.xib in Resources */ = {isa = PBXBuildFile; fileRef = 51B6230E1CDE9D8F004CE5B6 /* TripHeaderView.xib */; };
		51B623121CDE9DBA004CE5B6 /* ButtonCell.swift in Sources */ = {isa = PBXBuildFile; fileRef = 51B623111CDE9DBA004CE5B6 /* ButtonCell.swift */; };
		51B623141CDE9DC6004CE5B6 /* ButtonCell.xib in Resources */ = {isa = PBXBuildFile; fileRef = 51B623131CDE9DC6004CE5B6 /* ButtonCell.xib */; };
		51E933EB1C8B31D900F0AADF /* NSDate+Extension.swift in Sources */ = {isa = PBXBuildFile; fileRef = 51E933EA1C8B31D900F0AADF /* NSDate+Extension.swift */; };
		51E933EE1C8B320400F0AADF /* NSDateFormatter+Extension.swift in Sources */ = {isa = PBXBuildFile; fileRef = 51E933ED1C8B320400F0AADF /* NSDateFormatter+Extension.swift */; };
		51E934081C923C7500F0AADF /* TypeaheadDataSource.swift in Sources */ = {isa = PBXBuildFile; fileRef = 51E934071C923C7500F0AADF /* TypeaheadDataSource.swift */; };
		51E9340A1C924DE300F0AADF /* airports.json in Resources */ = {isa = PBXBuildFile; fileRef = 51E934091C924DE300F0AADF /* airports.json */; };
		51F6E2931C711F000086CE99 /* Keys.swift in Sources */ = {isa = PBXBuildFile; fileRef = 51F6E2921C711F000086CE99 /* Keys.swift */; };
		5AA339081C6E52CB00DB4E76 /* HTTPSessionManager.swift in Sources */ = {isa = PBXBuildFile; fileRef = 5AA339071C6E52CB00DB4E76 /* HTTPSessionManager.swift */; };
		5AA3390B1C6E534D00DB4E76 /* APIUtility.swift in Sources */ = {isa = PBXBuildFile; fileRef = 5AA3390A1C6E534D00DB4E76 /* APIUtility.swift */; };
		5AA339131C6E5C7100DB4E76 /* TripAPI.swift in Sources */ = {isa = PBXBuildFile; fileRef = 5AA339121C6E5C7100DB4E76 /* TripAPI.swift */; };
		5AA339171C6E7A9C00DB4E76 /* TripsViewController.swift in Sources */ = {isa = PBXBuildFile; fileRef = 5AA339151C6E7A9C00DB4E76 /* TripsViewController.swift */; };
		5AA339181C6E7A9C00DB4E76 /* SearchViewController.swift in Sources */ = {isa = PBXBuildFile; fileRef = 5AA339161C6E7A9C00DB4E76 /* SearchViewController.swift */; };
		C53B3EA6AA34176CE0EA6A05 /* Pods_Flights.framework in Frameworks */ = {isa = PBXBuildFile; fileRef = 3FAD81C3B56BCEC0676E3ED4 /* Pods_Flights.framework */; };
/* End PBXBuildFile section */

/* Begin PBXFileReference section */
		3FAD81C3B56BCEC0676E3ED4 /* Pods_Flights.framework */ = {isa = PBXFileReference; explicitFileType = wrapper.framework; includeInIndex = 0; path = Pods_Flights.framework; sourceTree = BUILT_PRODUCTS_DIR; };
		512123BB1CCEF70B00E9046C /* LocalizedStrings.swift */ = {isa = PBXFileReference; fileEncoding = 4; lastKnownFileType = sourcecode.swift; name = LocalizedStrings.swift; path = Extensions/LocalizedStrings.swift; sourceTree = "<group>"; };
		512DD9EB1C6AE147001194F9 /* Flights.app */ = {isa = PBXFileReference; explicitFileType = wrapper.application; includeInIndex = 0; path = Flights.app; sourceTree = BUILT_PRODUCTS_DIR; };
		512DD9EE1C6AE147001194F9 /* AppDelegate.swift */ = {isa = PBXFileReference; lastKnownFileType = sourcecode.swift; path = AppDelegate.swift; sourceTree = "<group>"; };
		512DD9F31C6AE147001194F9 /* Base */ = {isa = PBXFileReference; lastKnownFileType = file.storyboard; name = Base; path = Base.lproj/Main.storyboard; sourceTree = "<group>"; };
		512DD9F51C6AE147001194F9 /* Assets.xcassets */ = {isa = PBXFileReference; lastKnownFileType = folder.assetcatalog; path = Assets.xcassets; sourceTree = "<group>"; };
		512DD9F81C6AE147001194F9 /* Base */ = {isa = PBXFileReference; lastKnownFileType = file.storyboard; name = Base; path = Base.lproj/LaunchScreen.storyboard; sourceTree = "<group>"; };
		512DD9FA1C6AE147001194F9 /* Info.plist */ = {isa = PBXFileReference; lastKnownFileType = text.plist.xml; path = Info.plist; sourceTree = "<group>"; };
		5194C6DB1C80052300826455 /* Base */ = {isa = PBXFileReference; lastKnownFileType = file.storyboard; name = Base; path = Flights/Base.lproj/Trips.storyboard; sourceTree = "<group>"; };
		5194C6E11C8530DE00826455 /* DateViewController.swift */ = {isa = PBXFileReference; fileEncoding = 4; lastKnownFileType = sourcecode.swift; path = DateViewController.swift; sourceTree = "<group>"; };
		5194C6E31C85395E00826455 /* TripManager.swift */ = {isa = PBXFileReference; fileEncoding = 4; lastKnownFileType = sourcecode.swift; name = TripManager.swift; path = Singletons/TripManager.swift; sourceTree = "<group>"; };
		5194C6E61C853F1400826455 /* TripsDataSource.swift */ = {isa = PBXFileReference; fileEncoding = 4; lastKnownFileType = sourcecode.swift; name = TripsDataSource.swift; path = "Data Sources/TripsDataSource.swift"; sourceTree = "<group>"; };
		5194C6E91C8541BE00826455 /* TripCell.swift */ = {isa = PBXFileReference; fileEncoding = 4; lastKnownFileType = sourcecode.swift; name = TripCell.swift; path = Views/TripCell.swift; sourceTree = "<group>"; };
		5194C6EE1C85420E00826455 /* TripCell.xib */ = {isa = PBXFileReference; fileEncoding = 4; lastKnownFileType = file.xib; name = TripCell.xib; path = Views/TripCell.xib; sourceTree = "<group>"; };
		51B6230D1CDE9D8F004CE5B6 /* TripHeaderView.swift */ = {isa = PBXFileReference; fileEncoding = 4; lastKnownFileType = sourcecode.swift; name = TripHeaderView.swift; path = Views/TripHeaderView.swift; sourceTree = "<group>"; };
		51B6230E1CDE9D8F004CE5B6 /* TripHeaderView.xib */ = {isa = PBXFileReference; fileEncoding = 4; lastKnownFileType = file.xib; name = TripHeaderView.xib; path = Views/TripHeaderView.xib; sourceTree = "<group>"; };
		51B623111CDE9DBA004CE5B6 /* ButtonCell.swift */ = {isa = PBXFileReference; fileEncoding = 4; lastKnownFileType = sourcecode.swift; name = ButtonCell.swift; path = Views/ButtonCell.swift; sourceTree = "<group>"; };
		51B623131CDE9DC6004CE5B6 /* ButtonCell.xib */ = {isa = PBXFileReference; fileEncoding = 4; lastKnownFileType = file.xib; name = ButtonCell.xib; path = Views/ButtonCell.xib; sourceTree = "<group>"; };
		51E933EA1C8B31D900F0AADF /* NSDate+Extension.swift */ = {isa = PBXFileReference; fileEncoding = 4; lastKnownFileType = sourcecode.swift; name = "NSDate+Extension.swift"; path = "Extensions/NSDate+Extension.swift"; sourceTree = "<group>"; };
		51E933ED1C8B320400F0AADF /* NSDateFormatter+Extension.swift */ = {isa = PBXFileReference; fileEncoding = 4; lastKnownFileType = sourcecode.swift; name = "NSDateFormatter+Extension.swift"; path = "Extensions/NSDateFormatter+Extension.swift"; sourceTree = "<group>"; };
		51E934071C923C7500F0AADF /* TypeaheadDataSource.swift */ = {isa = PBXFileReference; fileEncoding = 4; lastKnownFileType = sourcecode.swift; name = TypeaheadDataSource.swift; path = "Data Sources/TypeaheadDataSource.swift"; sourceTree = "<group>"; };
		51E934091C924DE300F0AADF /* airports.json */ = {isa = PBXFileReference; fileEncoding = 4; lastKnownFileType = text.json; path = airports.json; sourceTree = "<group>"; };
		51F6E2921C711F000086CE99 /* Keys.swift */ = {isa = PBXFileReference; fileEncoding = 4; lastKnownFileType = sourcecode.swift; name = Keys.swift; path = Flights/Keys.swift; sourceTree = "<group>"; };
		5AA339071C6E52CB00DB4E76 /* HTTPSessionManager.swift */ = {isa = PBXFileReference; fileEncoding = 4; lastKnownFileType = sourcecode.swift; path = HTTPSessionManager.swift; sourceTree = "<group>"; };
		5AA3390A1C6E534D00DB4E76 /* APIUtility.swift */ = {isa = PBXFileReference; fileEncoding = 4; lastKnownFileType = sourcecode.swift; path = APIUtility.swift; sourceTree = "<group>"; };
		5AA339121C6E5C7100DB4E76 /* TripAPI.swift */ = {isa = PBXFileReference; fileEncoding = 4; lastKnownFileType = sourcecode.swift; path = TripAPI.swift; sourceTree = "<group>"; };
		5AA339151C6E7A9C00DB4E76 /* TripsViewController.swift */ = {isa = PBXFileReference; fileEncoding = 4; lastKnownFileType = sourcecode.swift; path = TripsViewController.swift; sourceTree = "<group>"; };
		5AA339161C6E7A9C00DB4E76 /* SearchViewController.swift */ = {isa = PBXFileReference; fileEncoding = 4; lastKnownFileType = sourcecode.swift; path = SearchViewController.swift; sourceTree = "<group>"; };
		CF8E9B47B76ABD42EE623C4D /* Pods-Flights.debug.xcconfig */ = {isa = PBXFileReference; includeInIndex = 1; lastKnownFileType = text.xcconfig; name = "Pods-Flights.debug.xcconfig"; path = "Pods/Target Support Files/Pods-Flights/Pods-Flights.debug.xcconfig"; sourceTree = "<group>"; };
		D55F26C51B8CE7C361419454 /* Pods-Flights.release.xcconfig */ = {isa = PBXFileReference; includeInIndex = 1; lastKnownFileType = text.xcconfig; name = "Pods-Flights.release.xcconfig"; path = "Pods/Target Support Files/Pods-Flights/Pods-Flights.release.xcconfig"; sourceTree = "<group>"; };
/* End PBXFileReference section */

/* Begin PBXFrameworksBuildPhase section */
		512DD9E81C6AE147001194F9 /* Frameworks */ = {
			isa = PBXFrameworksBuildPhase;
			buildActionMask = 2147483647;
			files = (
				C53B3EA6AA34176CE0EA6A05 /* Pods_Flights.framework in Frameworks */,
			);
			runOnlyForDeploymentPostprocessing = 0;
		};
/* End PBXFrameworksBuildPhase section */

/* Begin PBXGroup section */
		217E167FD4253B75B4543794 /* Frameworks */ = {
			isa = PBXGroup;
			children = (
				3FAD81C3B56BCEC0676E3ED4 /* Pods_Flights.framework */,
			);
			name = Frameworks;
			sourceTree = "<group>";
		};
		512DD9E21C6AE147001194F9 = {
			isa = PBXGroup;
			children = (
				51F6E2921C711F000086CE99 /* Keys.swift */,
				512DD9ED1C6AE147001194F9 /* Flights */,
				512DD9EC1C6AE147001194F9 /* Products */,
				82F88014704969ED4C47F9F1 /* Pods */,
				217E167FD4253B75B4543794 /* Frameworks */,
			);
			sourceTree = "<group>";
		};
		512DD9EC1C6AE147001194F9 /* Products */ = {
			isa = PBXGroup;
			children = (
				512DD9EB1C6AE147001194F9 /* Flights.app */,
			);
			name = Products;
			sourceTree = "<group>";
		};
		512DD9ED1C6AE147001194F9 /* Flights */ = {
			isa = PBXGroup;
			children = (
				512DD9EE1C6AE147001194F9 /* AppDelegate.swift */,
				512123BB1CCEF70B00E9046C /* LocalizedStrings.swift */,
				51E933EC1C8B31DF00F0AADF /* Extensions */,
				5194C6EB1C8541C100826455 /* Views */,
				5AA339141C6E7A7500DB4E76 /* View Controllers */,
				5194C6E81C853F2000826455 /* Data Sources */,
				5AA339091C6E52D000DB4E76 /* Network */,
				5194C6E51C85396100826455 /* Singletons */,
				512DD9F21C6AE147001194F9 /* Main.storyboard */,
				5194C6DA1C80052300826455 /* Trips.storyboard */,
				512DD9F71C6AE147001194F9 /* LaunchScreen.storyboard */,
				51E934091C924DE300F0AADF /* airports.json */,
				512DD9FA1C6AE147001194F9 /* Info.plist */,
				512DD9F51C6AE147001194F9 /* Assets.xcassets */,
			);
			path = Flights;
			sourceTree = "<group>";
		};
		5194C6E51C85396100826455 /* Singletons */ = {
			isa = PBXGroup;
			children = (
				5194C6E31C85395E00826455 /* TripManager.swift */,
			);
			name = Singletons;
			sourceTree = "<group>";
		};
		5194C6E81C853F2000826455 /* Data Sources */ = {
			isa = PBXGroup;
			children = (
				5194C6E61C853F1400826455 /* TripsDataSource.swift */,
				51E934071C923C7500F0AADF /* TypeaheadDataSource.swift */,
			);
			name = "Data Sources";
			sourceTree = "<group>";
		};
		5194C6EB1C8541C100826455 /* Views */ = {
			isa = PBXGroup;
			children = (
				5194C6E91C8541BE00826455 /* TripCell.swift */,
				5194C6EE1C85420E00826455 /* TripCell.xib */,
				51B6230D1CDE9D8F004CE5B6 /* TripHeaderView.swift */,
				51B6230E1CDE9D8F004CE5B6 /* TripHeaderView.xib */,
				51B623111CDE9DBA004CE5B6 /* ButtonCell.swift */,
				51B623131CDE9DC6004CE5B6 /* ButtonCell.xib */,
			);
			name = Views;
			sourceTree = "<group>";
		};
		51E933EC1C8B31DF00F0AADF /* Extensions */ = {
			isa = PBXGroup;
			children = (
				51E933ED1C8B320400F0AADF /* NSDateFormatter+Extension.swift */,
				51E933EA1C8B31D900F0AADF /* NSDate+Extension.swift */,
			);
			name = Extensions;
			sourceTree = "<group>";
		};
		5AA339091C6E52D000DB4E76 /* Network */ = {
			isa = PBXGroup;
			children = (
				5AA339071C6E52CB00DB4E76 /* HTTPSessionManager.swift */,
				5AA3390A1C6E534D00DB4E76 /* APIUtility.swift */,
				5AA339121C6E5C7100DB4E76 /* TripAPI.swift */,
			);
			path = Network;
			sourceTree = "<group>";
		};
		5AA339141C6E7A7500DB4E76 /* View Controllers */ = {
			isa = PBXGroup;
			children = (
				5AA339161C6E7A9C00DB4E76 /* SearchViewController.swift */,
				5AA339151C6E7A9C00DB4E76 /* TripsViewController.swift */,
				5194C6E11C8530DE00826455 /* DateViewController.swift */,
			);
			path = "View Controllers";
			sourceTree = "<group>";
		};
		82F88014704969ED4C47F9F1 /* Pods */ = {
			isa = PBXGroup;
			children = (
				CF8E9B47B76ABD42EE623C4D /* Pods-Flights.debug.xcconfig */,
				D55F26C51B8CE7C361419454 /* Pods-Flights.release.xcconfig */,
			);
			name = Pods;
			sourceTree = "<group>";
		};
/* End PBXGroup section */

/* Begin PBXNativeTarget section */
		512DD9EA1C6AE147001194F9 /* Flights */ = {
			isa = PBXNativeTarget;
			buildConfigurationList = 512DD9FD1C6AE147001194F9 /* Build configuration list for PBXNativeTarget "Flights" */;
			buildPhases = (
				DF4B1BE217DEE5377312D2CA /* 📦 Check Pods Manifest.lock */,
				512DD9E71C6AE147001194F9 /* Sources */,
				512DD9E81C6AE147001194F9 /* Frameworks */,
				512DD9E91C6AE147001194F9 /* Resources */,
				A1FD11CFBF2B1648C732F11F /* 📦 Embed Pods Frameworks */,
				93741637BE37FC1D193B3A7B /* 📦 Copy Pods Resources */,
			);
			buildRules = (
			);
			dependencies = (
			);
			name = Flights;
			productName = Flights;
			productReference = 512DD9EB1C6AE147001194F9 /* Flights.app */;
			productType = "com.apple.product-type.application";
		};
/* End PBXNativeTarget section */

/* Begin PBXProject section */
		512DD9E31C6AE147001194F9 /* Project object */ = {
			isa = PBXProject;
			attributes = {
				LastSwiftUpdateCheck = 0720;
				LastUpgradeCheck = 0720;
				ORGANIZATIONNAME = "Kyle Yoon";
				TargetAttributes = {
					512DD9EA1C6AE147001194F9 = {
						CreatedOnToolsVersion = 7.2.1;
					};
				};
			};
			buildConfigurationList = 512DD9E61C6AE147001194F9 /* Build configuration list for PBXProject "Flights" */;
			compatibilityVersion = "Xcode 3.2";
			developmentRegion = English;
			hasScannedForEncodings = 0;
			knownRegions = (
				en,
				Base,
			);
			mainGroup = 512DD9E21C6AE147001194F9;
			productRefGroup = 512DD9EC1C6AE147001194F9 /* Products */;
			projectDirPath = "";
			projectRoot = "";
			targets = (
				512DD9EA1C6AE147001194F9 /* Flights */,
			);
		};
/* End PBXProject section */

/* Begin PBXResourcesBuildPhase section */
		512DD9E91C6AE147001194F9 /* Resources */ = {
			isa = PBXResourcesBuildPhase;
			buildActionMask = 2147483647;
			files = (
				51E9340A1C924DE300F0AADF /* airports.json in Resources */,
				5194C6EF1C85420E00826455 /* TripCell.xib in Resources */,
				51B623101CDE9D8F004CE5B6 /* TripHeaderView.xib in Resources */,
				51B623141CDE9DC6004CE5B6 /* ButtonCell.xib in Resources */,
				512DD9F91C6AE147001194F9 /* LaunchScreen.storyboard in Resources */,
				5194C6DC1C80052300826455 /* Trips.storyboard in Resources */,
				512DD9F61C6AE147001194F9 /* Assets.xcassets in Resources */,
				512DD9F41C6AE147001194F9 /* Main.storyboard in Resources */,
			);
			runOnlyForDeploymentPostprocessing = 0;
		};
/* End PBXResourcesBuildPhase section */

/* Begin PBXShellScriptBuildPhase section */
		93741637BE37FC1D193B3A7B /* 📦 Copy Pods Resources */ = {
			isa = PBXShellScriptBuildPhase;
			buildActionMask = 2147483647;
			files = (
			);
			inputPaths = (
			);
			name = "📦 Copy Pods Resources";
			outputPaths = (
			);
			runOnlyForDeploymentPostprocessing = 0;
			shellPath = /bin/sh;
			shellScript = "\"${SRCROOT}/Pods/Target Support Files/Pods-Flights/Pods-Flights-resources.sh\"\n";
			showEnvVarsInLog = 0;
		};
		A1FD11CFBF2B1648C732F11F /* 📦 Embed Pods Frameworks */ = {
			isa = PBXShellScriptBuildPhase;
			buildActionMask = 2147483647;
			files = (
			);
			inputPaths = (
			);
			name = "📦 Embed Pods Frameworks";
			outputPaths = (
			);
			runOnlyForDeploymentPostprocessing = 0;
			shellPath = /bin/sh;
			shellScript = "\"${SRCROOT}/Pods/Target Support Files/Pods-Flights/Pods-Flights-frameworks.sh\"\n";
			showEnvVarsInLog = 0;
		};
		DF4B1BE217DEE5377312D2CA /* 📦 Check Pods Manifest.lock */ = {
			isa = PBXShellScriptBuildPhase;
			buildActionMask = 2147483647;
			files = (
			);
			inputPaths = (
			);
			name = "📦 Check Pods Manifest.lock";
			outputPaths = (
			);
			runOnlyForDeploymentPostprocessing = 0;
			shellPath = /bin/sh;
			shellScript = "diff \"${PODS_ROOT}/../Podfile.lock\" \"${PODS_ROOT}/Manifest.lock\" > /dev/null\nif [[ $? != 0 ]] ; then\n    cat << EOM\nerror: The sandbox is not in sync with the Podfile.lock. Run 'pod install' or update your CocoaPods installation.\nEOM\n    exit 1\nfi\n";
			showEnvVarsInLog = 0;
		};
/* End PBXShellScriptBuildPhase section */

/* Begin PBXSourcesBuildPhase section */
		512DD9E71C6AE147001194F9 /* Sources */ = {
			isa = PBXSourcesBuildPhase;
			buildActionMask = 2147483647;
			files = (
				5194C6E21C8530DE00826455 /* DateViewController.swift in Sources */,
				5AA339171C6E7A9C00DB4E76 /* TripsViewController.swift in Sources */,
				5AA339131C6E5C7100DB4E76 /* TripAPI.swift in Sources */,
				5194C6EA1C8541BE00826455 /* TripCell.swift in Sources */,
				5AA339181C6E7A9C00DB4E76 /* SearchViewController.swift in Sources */,
				5194C6E71C853F1400826455 /* TripsDataSource.swift in Sources */,
				51E933EB1C8B31D900F0AADF /* NSDate+Extension.swift in Sources */,
				512123BC1CCEF70B00E9046C /* LocalizedStrings.swift in Sources */,
				5194C6E41C85395E00826455 /* TripManager.swift in Sources */,
				5AA339081C6E52CB00DB4E76 /* HTTPSessionManager.swift in Sources */,
				51F6E2931C711F000086CE99 /* Keys.swift in Sources */,
				51E934081C923C7500F0AADF /* TypeaheadDataSource.swift in Sources */,
				5AA3390B1C6E534D00DB4E76 /* APIUtility.swift in Sources */,
				51E933EE1C8B320400F0AADF /* NSDateFormatter+Extension.swift in Sources */,
				51B6230F1CDE9D8F004CE5B6 /* TripHeaderView.swift in Sources */,
				512DD9EF1C6AE147001194F9 /* AppDelegate.swift in Sources */,
				51B623121CDE9DBA004CE5B6 /* ButtonCell.swift in Sources */,
			);
			runOnlyForDeploymentPostprocessing = 0;
		};
/* End PBXSourcesBuildPhase section */

/* Begin PBXVariantGroup section */
		512DD9F21C6AE147001194F9 /* Main.storyboard */ = {
			isa = PBXVariantGroup;
			children = (
				512DD9F31C6AE147001194F9 /* Base */,
			);
			name = Main.storyboard;
			sourceTree = "<group>";
		};
		512DD9F71C6AE147001194F9 /* LaunchScreen.storyboard */ = {
			isa = PBXVariantGroup;
			children = (
				512DD9F81C6AE147001194F9 /* Base */,
			);
			name = LaunchScreen.storyboard;
			sourceTree = "<group>";
		};
		5194C6DA1C80052300826455 /* Trips.storyboard */ = {
			isa = PBXVariantGroup;
			children = (
				5194C6DB1C80052300826455 /* Base */,
			);
			name = Trips.storyboard;
			path = ..;
			sourceTree = "<group>";
		};
/* End PBXVariantGroup section */

/* Begin XCBuildConfiguration section */
		512DD9FB1C6AE147001194F9 /* Debug */ = {
			isa = XCBuildConfiguration;
			buildSettings = {
				ALWAYS_SEARCH_USER_PATHS = NO;
				CLANG_CXX_LANGUAGE_STANDARD = "gnu++0x";
				CLANG_CXX_LIBRARY = "libc++";
				CLANG_ENABLE_MODULES = YES;
				CLANG_ENABLE_OBJC_ARC = YES;
				CLANG_WARN_BOOL_CONVERSION = YES;
				CLANG_WARN_CONSTANT_CONVERSION = YES;
				CLANG_WARN_DIRECT_OBJC_ISA_USAGE = YES_ERROR;
				CLANG_WARN_EMPTY_BODY = YES;
				CLANG_WARN_ENUM_CONVERSION = YES;
				CLANG_WARN_INT_CONVERSION = YES;
				CLANG_WARN_OBJC_ROOT_CLASS = YES_ERROR;
				CLANG_WARN_UNREACHABLE_CODE = YES;
				CLANG_WARN__DUPLICATE_METHOD_MATCH = YES;
				"CODE_SIGN_IDENTITY[sdk=iphoneos*]" = "iPhone Developer";
				COPY_PHASE_STRIP = NO;
				DEBUG_INFORMATION_FORMAT = dwarf;
				ENABLE_STRICT_OBJC_MSGSEND = YES;
				ENABLE_TESTABILITY = YES;
				GCC_C_LANGUAGE_STANDARD = gnu99;
				GCC_DYNAMIC_NO_PIC = NO;
				GCC_NO_COMMON_BLOCKS = YES;
				GCC_OPTIMIZATION_LEVEL = 0;
				GCC_PREPROCESSOR_DEFINITIONS = (
					"DEBUG=1",
					"$(inherited)",
				);
				GCC_WARN_64_TO_32_BIT_CONVERSION = YES;
				GCC_WARN_ABOUT_RETURN_TYPE = YES_ERROR;
				GCC_WARN_UNDECLARED_SELECTOR = YES;
				GCC_WARN_UNINITIALIZED_AUTOS = YES_AGGRESSIVE;
				GCC_WARN_UNUSED_FUNCTION = YES;
				GCC_WARN_UNUSED_VARIABLE = YES;
				IPHONEOS_DEPLOYMENT_TARGET = 9.2;
				MTL_ENABLE_DEBUG_INFO = YES;
				ONLY_ACTIVE_ARCH = YES;
				SDKROOT = iphoneos;
				SWIFT_OPTIMIZATION_LEVEL = "-Onone";
				TARGETED_DEVICE_FAMILY = "1,2";
			};
			name = Debug;
		};
		512DD9FC1C6AE147001194F9 /* Release */ = {
			isa = XCBuildConfiguration;
			buildSettings = {
				ALWAYS_SEARCH_USER_PATHS = NO;
				CLANG_CXX_LANGUAGE_STANDARD = "gnu++0x";
				CLANG_CXX_LIBRARY = "libc++";
				CLANG_ENABLE_MODULES = YES;
				CLANG_ENABLE_OBJC_ARC = YES;
				CLANG_WARN_BOOL_CONVERSION = YES;
				CLANG_WARN_CONSTANT_CONVERSION = YES;
				CLANG_WARN_DIRECT_OBJC_ISA_USAGE = YES_ERROR;
				CLANG_WARN_EMPTY_BODY = YES;
				CLANG_WARN_ENUM_CONVERSION = YES;
				CLANG_WARN_INT_CONVERSION = YES;
				CLANG_WARN_OBJC_ROOT_CLASS = YES_ERROR;
				CLANG_WARN_UNREACHABLE_CODE = YES;
				CLANG_WARN__DUPLICATE_METHOD_MATCH = YES;
				"CODE_SIGN_IDENTITY[sdk=iphoneos*]" = "iPhone Developer";
				COPY_PHASE_STRIP = NO;
				DEBUG_INFORMATION_FORMAT = "dwarf-with-dsym";
				ENABLE_NS_ASSERTIONS = NO;
				ENABLE_STRICT_OBJC_MSGSEND = YES;
				GCC_C_LANGUAGE_STANDARD = gnu99;
				GCC_NO_COMMON_BLOCKS = YES;
				GCC_WARN_64_TO_32_BIT_CONVERSION = YES;
				GCC_WARN_ABOUT_RETURN_TYPE = YES_ERROR;
				GCC_WARN_UNDECLARED_SELECTOR = YES;
				GCC_WARN_UNINITIALIZED_AUTOS = YES_AGGRESSIVE;
				GCC_WARN_UNUSED_FUNCTION = YES;
				GCC_WARN_UNUSED_VARIABLE = YES;
				IPHONEOS_DEPLOYMENT_TARGET = 9.2;
				MTL_ENABLE_DEBUG_INFO = NO;
				SDKROOT = iphoneos;
				TARGETED_DEVICE_FAMILY = "1,2";
				VALIDATE_PRODUCT = YES;
			};
			name = Release;
		};
		512DD9FE1C6AE147001194F9 /* Debug */ = {
			isa = XCBuildConfiguration;
			baseConfigurationReference = CF8E9B47B76ABD42EE623C4D /* Pods-Flights.debug.xcconfig */;
			buildSettings = {
				ASSETCATALOG_COMPILER_APPICON_NAME = AppIcon;
				INFOPLIST_FILE = Flights/Info.plist;
				LD_RUNPATH_SEARCH_PATHS = "$(inherited) @executable_path/Frameworks";
				PRODUCT_BUNDLE_IDENTIFIER = apps.yoon.Flights;
				PRODUCT_NAME = "$(TARGET_NAME)";
			};
			name = Debug;
		};
		512DD9FF1C6AE147001194F9 /* Release */ = {
			isa = XCBuildConfiguration;
			baseConfigurationReference = D55F26C51B8CE7C361419454 /* Pods-Flights.release.xcconfig */;
			buildSettings = {
				ASSETCATALOG_COMPILER_APPICON_NAME = AppIcon;
				INFOPLIST_FILE = Flights/Info.plist;
				LD_RUNPATH_SEARCH_PATHS = "$(inherited) @executable_path/Frameworks";
				PRODUCT_BUNDLE_IDENTIFIER = apps.yoon.Flights;
				PRODUCT_NAME = "$(TARGET_NAME)";
			};
			name = Release;
		};
/* End XCBuildConfiguration section */

/* Begin XCConfigurationList section */
		512DD9E61C6AE147001194F9 /* Build configuration list for PBXProject "Flights" */ = {
			isa = XCConfigurationList;
			buildConfigurations = (
				512DD9FB1C6AE147001194F9 /* Debug */,
				512DD9FC1C6AE147001194F9 /* Release */,
			);
			defaultConfigurationIsVisible = 0;
			defaultConfigurationName = Release;
		};
		512DD9FD1C6AE147001194F9 /* Build configuration list for PBXNativeTarget "Flights" */ = {
			isa = XCConfigurationList;
			buildConfigurations = (
				512DD9FE1C6AE147001194F9 /* Debug */,
				512DD9FF1C6AE147001194F9 /* Release */,
			);
			defaultConfigurationIsVisible = 0;
			defaultConfigurationName = Release;
		};
/* End XCConfigurationList section */
	};
	rootObject = 512DD9E31C6AE147001194F9 /* Project object */;
}
