// !$*UTF8*$!
{
	archiveVersion = 1;
	classes = {
	};
	objectVersion = 46;
	objects = {

/* Begin PBXBuildFile section */
		48AC00FFC15790252E36B0C1 /* Pods_Flights.framework in Frameworks */ = {isa = PBXBuildFile; fileRef = 49D70E13BC178572FE631859 /* Pods_Flights.framework */; };
		512DD9EF1C6AE147001194F9 /* AppDelegate.swift in Sources */ = {isa = PBXBuildFile; fileRef = 512DD9EE1C6AE147001194F9 /* AppDelegate.swift */; };
		512DD9F41C6AE147001194F9 /* Main.storyboard in Resources */ = {isa = PBXBuildFile; fileRef = 512DD9F21C6AE147001194F9 /* Main.storyboard */; };
		512DD9F61C6AE147001194F9 /* Assets.xcassets in Resources */ = {isa = PBXBuildFile; fileRef = 512DD9F51C6AE147001194F9 /* Assets.xcassets */; };
		512DD9F91C6AE147001194F9 /* LaunchScreen.storyboard in Resources */ = {isa = PBXBuildFile; fileRef = 512DD9F71C6AE147001194F9 /* LaunchScreen.storyboard */; };
		51F6E2931C711F000086CE99 /* Keys.swift in Sources */ = {isa = PBXBuildFile; fileRef = 51F6E2921C711F000086CE99 /* Keys.swift */; };
		51F6E2951C7147C70086CE99 /* SearchResults.swift in Sources */ = {isa = PBXBuildFile; fileRef = 51F6E2941C7147C70086CE99 /* SearchResults.swift */; };
		51F6E2971C714B360086CE99 /* Trips.swift in Sources */ = {isa = PBXBuildFile; fileRef = 51F6E2961C714B360086CE99 /* Trips.swift */; };
		51F6E2991C714E120086CE99 /* TripsData.swift in Sources */ = {isa = PBXBuildFile; fileRef = 51F6E2981C714E120086CE99 /* TripsData.swift */; };
		51F6E29B1C714F7A0086CE99 /* TripOption.swift in Sources */ = {isa = PBXBuildFile; fileRef = 51F6E29A1C714F7A0086CE99 /* TripOption.swift */; };
		51F6E29F1C7150FF0086CE99 /* TripOptionSlice.swift in Sources */ = {isa = PBXBuildFile; fileRef = 51F6E29E1C7150FF0086CE99 /* TripOptionSlice.swift */; };
		51F6E2A11C7152490086CE99 /* TripOptionSliceSegmentLeg.swift in Sources */ = {isa = PBXBuildFile; fileRef = 51F6E2A01C7152490086CE99 /* TripOptionSliceSegmentLeg.swift */; };
		51F6E2A31C71578F0086CE99 /* TripOptionPricing.swift in Sources */ = {isa = PBXBuildFile; fileRef = 51F6E2A21C71578F0086CE99 /* TripOptionPricing.swift */; };
		51F6E2A51C7158980086CE99 /* NSDateFormatter+Extension.swift in Sources */ = {isa = PBXBuildFile; fileRef = 51F6E2A41C7158970086CE99 /* NSDateFormatter+Extension.swift */; };
		51F6E2A71C715C5A0086CE99 /* TripOptionSliceSegment.swift in Sources */ = {isa = PBXBuildFile; fileRef = 51F6E2A61C715C5A0086CE99 /* TripOptionSliceSegment.swift */; };
		51F6E2AB1C716F0A0086CE99 /* Flight.swift in Sources */ = {isa = PBXBuildFile; fileRef = 51F6E2AA1C716F0A0086CE99 /* Flight.swift */; };
		5AA339081C6E52CB00DB4E76 /* HTTPSessionManager.swift in Sources */ = {isa = PBXBuildFile; fileRef = 5AA339071C6E52CB00DB4E76 /* HTTPSessionManager.swift */; };
		5AA3390B1C6E534D00DB4E76 /* APIUtility.swift in Sources */ = {isa = PBXBuildFile; fileRef = 5AA3390A1C6E534D00DB4E76 /* APIUtility.swift */; };
		5AA339131C6E5C7100DB4E76 /* TripAPI.swift in Sources */ = {isa = PBXBuildFile; fileRef = 5AA339121C6E5C7100DB4E76 /* TripAPI.swift */; };
		5AA339171C6E7A9C00DB4E76 /* TripsViewController.swift in Sources */ = {isa = PBXBuildFile; fileRef = 5AA339151C6E7A9C00DB4E76 /* TripsViewController.swift */; };
		5AA339181C6E7A9C00DB4E76 /* SearchViewController.swift in Sources */ = {isa = PBXBuildFile; fileRef = 5AA339161C6E7A9C00DB4E76 /* SearchViewController.swift */; };
/* End PBXBuildFile section */

/* Begin PBXFileReference section */
		375163D6F6A50DBA08327C7F /* Pods-Flights.release.xcconfig */ = {isa = PBXFileReference; includeInIndex = 1; lastKnownFileType = text.xcconfig; name = "Pods-Flights.release.xcconfig"; path = "Pods/Target Support Files/Pods-Flights/Pods-Flights.release.xcconfig"; sourceTree = "<group>"; };
		49D70E13BC178572FE631859 /* Pods_Flights.framework */ = {isa = PBXFileReference; explicitFileType = wrapper.framework; includeInIndex = 0; path = Pods_Flights.framework; sourceTree = BUILT_PRODUCTS_DIR; };
		512DD9EB1C6AE147001194F9 /* Flights.app */ = {isa = PBXFileReference; explicitFileType = wrapper.application; includeInIndex = 0; path = Flights.app; sourceTree = BUILT_PRODUCTS_DIR; };
		512DD9EE1C6AE147001194F9 /* AppDelegate.swift */ = {isa = PBXFileReference; lastKnownFileType = sourcecode.swift; path = AppDelegate.swift; sourceTree = "<group>"; };
		512DD9F31C6AE147001194F9 /* Base */ = {isa = PBXFileReference; lastKnownFileType = file.storyboard; name = Base; path = Base.lproj/Main.storyboard; sourceTree = "<group>"; };
		512DD9F51C6AE147001194F9 /* Assets.xcassets */ = {isa = PBXFileReference; lastKnownFileType = folder.assetcatalog; name = Assets.xcassets; path = Flights/Assets.xcassets; sourceTree = "<group>"; };
		512DD9F81C6AE147001194F9 /* Base */ = {isa = PBXFileReference; lastKnownFileType = file.storyboard; name = Base; path = Base.lproj/LaunchScreen.storyboard; sourceTree = "<group>"; };
		512DD9FA1C6AE147001194F9 /* Info.plist */ = {isa = PBXFileReference; lastKnownFileType = text.plist.xml; name = Info.plist; path = Flights/Info.plist; sourceTree = "<group>"; };
		51F6E2921C711F000086CE99 /* Keys.swift */ = {isa = PBXFileReference; fileEncoding = 4; lastKnownFileType = sourcecode.swift; name = Keys.swift; path = Flights/Keys.swift; sourceTree = "<group>"; };
		51F6E2941C7147C70086CE99 /* SearchResults.swift */ = {isa = PBXFileReference; fileEncoding = 4; lastKnownFileType = sourcecode.swift; path = SearchResults.swift; sourceTree = "<group>"; };
		51F6E2961C714B360086CE99 /* Trips.swift */ = {isa = PBXFileReference; fileEncoding = 4; lastKnownFileType = sourcecode.swift; path = Trips.swift; sourceTree = "<group>"; };
		51F6E2981C714E120086CE99 /* TripsData.swift */ = {isa = PBXFileReference; fileEncoding = 4; lastKnownFileType = sourcecode.swift; path = TripsData.swift; sourceTree = "<group>"; };
		51F6E29A1C714F7A0086CE99 /* TripOption.swift */ = {isa = PBXFileReference; fileEncoding = 4; lastKnownFileType = sourcecode.swift; path = TripOption.swift; sourceTree = "<group>"; };
		51F6E29E1C7150FF0086CE99 /* TripOptionSlice.swift */ = {isa = PBXFileReference; fileEncoding = 4; lastKnownFileType = sourcecode.swift; path = TripOptionSlice.swift; sourceTree = "<group>"; };
		51F6E2A01C7152490086CE99 /* TripOptionSliceSegmentLeg.swift */ = {isa = PBXFileReference; fileEncoding = 4; lastKnownFileType = sourcecode.swift; path = TripOptionSliceSegmentLeg.swift; sourceTree = "<group>"; };
		51F6E2A21C71578F0086CE99 /* TripOptionPricing.swift */ = {isa = PBXFileReference; fileEncoding = 4; lastKnownFileType = sourcecode.swift; path = TripOptionPricing.swift; sourceTree = "<group>"; };
		51F6E2A41C7158970086CE99 /* NSDateFormatter+Extension.swift */ = {isa = PBXFileReference; fileEncoding = 4; lastKnownFileType = sourcecode.swift; path = "NSDateFormatter+Extension.swift"; sourceTree = "<group>"; };
		51F6E2A61C715C5A0086CE99 /* TripOptionSliceSegment.swift */ = {isa = PBXFileReference; fileEncoding = 4; lastKnownFileType = sourcecode.swift; path = TripOptionSliceSegment.swift; sourceTree = "<group>"; };
		51F6E2AA1C716F0A0086CE99 /* Flight.swift */ = {isa = PBXFileReference; fileEncoding = 4; lastKnownFileType = sourcecode.swift; path = Flight.swift; sourceTree = "<group>"; };
		5AA339071C6E52CB00DB4E76 /* HTTPSessionManager.swift */ = {isa = PBXFileReference; fileEncoding = 4; lastKnownFileType = sourcecode.swift; path = HTTPSessionManager.swift; sourceTree = "<group>"; };
		5AA3390A1C6E534D00DB4E76 /* APIUtility.swift */ = {isa = PBXFileReference; fileEncoding = 4; lastKnownFileType = sourcecode.swift; path = APIUtility.swift; sourceTree = "<group>"; };
		5AA339121C6E5C7100DB4E76 /* TripAPI.swift */ = {isa = PBXFileReference; fileEncoding = 4; lastKnownFileType = sourcecode.swift; path = TripAPI.swift; sourceTree = "<group>"; };
		5AA339151C6E7A9C00DB4E76 /* TripsViewController.swift */ = {isa = PBXFileReference; fileEncoding = 4; lastKnownFileType = sourcecode.swift; path = TripsViewController.swift; sourceTree = "<group>"; };
		5AA339161C6E7A9C00DB4E76 /* SearchViewController.swift */ = {isa = PBXFileReference; fileEncoding = 4; lastKnownFileType = sourcecode.swift; path = SearchViewController.swift; sourceTree = "<group>"; };
		FFE6F51DD1008529AF835FB9 /* Pods-Flights.debug.xcconfig */ = {isa = PBXFileReference; includeInIndex = 1; lastKnownFileType = text.xcconfig; name = "Pods-Flights.debug.xcconfig"; path = "Pods/Target Support Files/Pods-Flights/Pods-Flights.debug.xcconfig"; sourceTree = "<group>"; };
/* End PBXFileReference section */

/* Begin PBXFrameworksBuildPhase section */
		512DD9E81C6AE147001194F9 /* Frameworks */ = {
			isa = PBXFrameworksBuildPhase;
			buildActionMask = 2147483647;
			files = (
				48AC00FFC15790252E36B0C1 /* Pods_Flights.framework in Frameworks */,
			);
			runOnlyForDeploymentPostprocessing = 0;
		};
/* End PBXFrameworksBuildPhase section */

/* Begin PBXGroup section */
		47A575D60F29DDDD7522D288 /* Frameworks */ = {
			isa = PBXGroup;
			children = (
				49D70E13BC178572FE631859 /* Pods_Flights.framework */,
			);
			name = Frameworks;
			sourceTree = "<group>";
		};
		512DD9E21C6AE147001194F9 = {
			isa = PBXGroup;
			children = (
				512DD9ED1C6AE147001194F9 /* Flights */,
				512DD9F21C6AE147001194F9 /* Main.storyboard */,
				512DD9F71C6AE147001194F9 /* LaunchScreen.storyboard */,
				512DD9FA1C6AE147001194F9 /* Info.plist */,
				512DD9F51C6AE147001194F9 /* Assets.xcassets */,
				51F6E2921C711F000086CE99 /* Keys.swift */,
				512DD9EC1C6AE147001194F9 /* Products */,
				8C210FAE91E7568D22A82F11 /* Pods */,
				47A575D60F29DDDD7522D288 /* Frameworks */,
			);
			sourceTree = "<group>";
		};
		512DD9EC1C6AE147001194F9 /* Products */ = {
			isa = PBXGroup;
			children = (
				512DD9EB1C6AE147001194F9 /* Flights.app */,
			);
			name = Products;
			sourceTree = "<group>";
		};
		512DD9ED1C6AE147001194F9 /* Flights */ = {
			isa = PBXGroup;
			children = (
				512DD9EE1C6AE147001194F9 /* AppDelegate.swift */,
				51F6E2A41C7158970086CE99 /* NSDateFormatter+Extension.swift */,
				5AA339141C6E7A7500DB4E76 /* View Controllers */,
				5AA339191C6E7AB100DB4E76 /* Models */,
				5AA339091C6E52D000DB4E76 /* Network */,
			);
			path = Flights;
			sourceTree = "<group>";
		};
		5AA339091C6E52D000DB4E76 /* Network */ = {
			isa = PBXGroup;
			children = (
				5AA339071C6E52CB00DB4E76 /* HTTPSessionManager.swift */,
				5AA3390A1C6E534D00DB4E76 /* APIUtility.swift */,
				5AA339121C6E5C7100DB4E76 /* TripAPI.swift */,
			);
			path = Network;
			sourceTree = "<group>";
		};
		5AA339141C6E7A7500DB4E76 /* View Controllers */ = {
			isa = PBXGroup;
			children = (
				5AA339161C6E7A9C00DB4E76 /* SearchViewController.swift */,
				5AA339151C6E7A9C00DB4E76 /* TripsViewController.swift */,
			);
			path = "View Controllers";
			sourceTree = "<group>";
		};
		5AA339191C6E7AB100DB4E76 /* Models */ = {
			isa = PBXGroup;
			children = (
				51F6E2941C7147C70086CE99 /* SearchResults.swift */,
				51F6E2961C714B360086CE99 /* Trips.swift */,
				51F6E2981C714E120086CE99 /* TripsData.swift */,
				51F6E29A1C714F7A0086CE99 /* TripOption.swift */,
				51F6E29E1C7150FF0086CE99 /* TripOptionSlice.swift */,
				51F6E2A61C715C5A0086CE99 /* TripOptionSliceSegment.swift */,
				51F6E2AA1C716F0A0086CE99 /* Flight.swift */,
				51F6E2A01C7152490086CE99 /* TripOptionSliceSegmentLeg.swift */,
				51F6E2A21C71578F0086CE99 /* TripOptionPricing.swift */,
			);
			path = Models;
			sourceTree = "<group>";
		};
		8C210FAE91E7568D22A82F11 /* Pods */ = {
			isa = PBXGroup;
			children = (
				FFE6F51DD1008529AF835FB9 /* Pods-Flights.debug.xcconfig */,
				375163D6F6A50DBA08327C7F /* Pods-Flights.release.xcconfig */,
			);
			name = Pods;
			sourceTree = "<group>";
		};
/* End PBXGroup section */

/* Begin PBXNativeTarget section */
		512DD9EA1C6AE147001194F9 /* Flights */ = {
			isa = PBXNativeTarget;
			buildConfigurationList = 512DD9FD1C6AE147001194F9 /* Build configuration list for PBXNativeTarget "Flights" */;
			buildPhases = (
				62C238C9B7C8330ADEE37420 /* Check Pods Manifest.lock */,
				512DD9E71C6AE147001194F9 /* Sources */,
				512DD9E81C6AE147001194F9 /* Frameworks */,
				512DD9E91C6AE147001194F9 /* Resources */,
				08713DEA403918A0C6E7C024 /* Embed Pods Frameworks */,
				9F24E92D4D390144B97DB80C /* Copy Pods Resources */,
			);
			buildRules = (
			);
			dependencies = (
			);
			name = Flights;
			productName = Flights;
			productReference = 512DD9EB1C6AE147001194F9 /* Flights.app */;
			productType = "com.apple.product-type.application";
		};
/* End PBXNativeTarget section */

/* Begin PBXProject section */
		512DD9E31C6AE147001194F9 /* Project object */ = {
			isa = PBXProject;
			attributes = {
				LastSwiftUpdateCheck = 0720;
				LastUpgradeCheck = 0720;
				ORGANIZATIONNAME = "Kyle Yoon";
				TargetAttributes = {
					512DD9EA1C6AE147001194F9 = {
						CreatedOnToolsVersion = 7.2.1;
					};
				};
			};
			buildConfigurationList = 512DD9E61C6AE147001194F9 /* Build configuration list for PBXProject "Flights" */;
			compatibilityVersion = "Xcode 3.2";
			developmentRegion = English;
			hasScannedForEncodings = 0;
			knownRegions = (
				en,
				Base,
			);
			mainGroup = 512DD9E21C6AE147001194F9;
			productRefGroup = 512DD9EC1C6AE147001194F9 /* Products */;
			projectDirPath = "";
			projectRoot = "";
			targets = (
				512DD9EA1C6AE147001194F9 /* Flights */,
			);
		};
/* End PBXProject section */

/* Begin PBXResourcesBuildPhase section */
		512DD9E91C6AE147001194F9 /* Resources */ = {
			isa = PBXResourcesBuildPhase;
			buildActionMask = 2147483647;
			files = (
				512DD9F91C6AE147001194F9 /* LaunchScreen.storyboard in Resources */,
				512DD9F61C6AE147001194F9 /* Assets.xcassets in Resources */,
				512DD9F41C6AE147001194F9 /* Main.storyboard in Resources */,
			);
			runOnlyForDeploymentPostprocessing = 0;
		};
/* End PBXResourcesBuildPhase section */

/* Begin PBXShellScriptBuildPhase section */
		08713DEA403918A0C6E7C024 /* Embed Pods Frameworks */ = {
			isa = PBXShellScriptBuildPhase;
			buildActionMask = 2147483647;
			files = (
			);
			inputPaths = (
			);
			name = "Embed Pods Frameworks";
			outputPaths = (
			);
			runOnlyForDeploymentPostprocessing = 0;
			shellPath = /bin/sh;
			shellScript = "\"${SRCROOT}/Pods/Target Support Files/Pods-Flights/Pods-Flights-frameworks.sh\"\n";
			showEnvVarsInLog = 0;
		};
		62C238C9B7C8330ADEE37420 /* Check Pods Manifest.lock */ = {
			isa = PBXShellScriptBuildPhase;
			buildActionMask = 2147483647;
			files = (
			);
			inputPaths = (
			);
			name = "Check Pods Manifest.lock";
			outputPaths = (
			);
			runOnlyForDeploymentPostprocessing = 0;
			shellPath = /bin/sh;
			shellScript = "diff \"${PODS_ROOT}/../Podfile.lock\" \"${PODS_ROOT}/Manifest.lock\" > /dev/null\nif [[ $? != 0 ]] ; then\n    cat << EOM\nerror: The sandbox is not in sync with the Podfile.lock. Run 'pod install' or update your CocoaPods installation.\nEOM\n    exit 1\nfi\n";
			showEnvVarsInLog = 0;
		};
		9F24E92D4D390144B97DB80C /* Copy Pods Resources */ = {
			isa = PBXShellScriptBuildPhase;
			buildActionMask = 2147483647;
			files = (
			);
			inputPaths = (
			);
			name = "Copy Pods Resources";
			outputPaths = (
			);
			runOnlyForDeploymentPostprocessing = 0;
			shellPath = /bin/sh;
			shellScript = "\"${SRCROOT}/Pods/Target Support Files/Pods-Flights/Pods-Flights-resources.sh\"\n";
			showEnvVarsInLog = 0;
		};
/* End PBXShellScriptBuildPhase section */

/* Begin PBXSourcesBuildPhase section */
		512DD9E71C6AE147001194F9 /* Sources */ = {
			isa = PBXSourcesBuildPhase;
			buildActionMask = 2147483647;
			files = (
				5AA339171C6E7A9C00DB4E76 /* TripsViewController.swift in Sources */,
				5AA339131C6E5C7100DB4E76 /* TripAPI.swift in Sources */,
				51F6E2A71C715C5A0086CE99 /* TripOptionSliceSegment.swift in Sources */,
				51F6E2A31C71578F0086CE99 /* TripOptionPricing.swift in Sources */,
				5AA339181C6E7A9C00DB4E76 /* SearchViewController.swift in Sources */,
				51F6E2951C7147C70086CE99 /* SearchResults.swift in Sources */,
				5AA339081C6E52CB00DB4E76 /* HTTPSessionManager.swift in Sources */,
				51F6E2971C714B360086CE99 /* Trips.swift in Sources */,
				51F6E2931C711F000086CE99 /* Keys.swift in Sources */,
				51F6E2A11C7152490086CE99 /* TripOptionSliceSegmentLeg.swift in Sources */,
				5AA3390B1C6E534D00DB4E76 /* APIUtility.swift in Sources */,
				51F6E2AB1C716F0A0086CE99 /* Flight.swift in Sources */,
				51F6E29F1C7150FF0086CE99 /* TripOptionSlice.swift in Sources */,
				51F6E29B1C714F7A0086CE99 /* TripOption.swift in Sources */,
				51F6E2A51C7158980086CE99 /* NSDateFormatter+Extension.swift in Sources */,
				51F6E2991C714E120086CE99 /* TripsData.swift in Sources */,
				512DD9EF1C6AE147001194F9 /* AppDelegate.swift in Sources */,
			);
			runOnlyForDeploymentPostprocessing = 0;
		};
/* End PBXSourcesBuildPhase section */

/* Begin PBXVariantGroup section */
		512DD9F21C6AE147001194F9 /* Main.storyboard */ = {
			isa = PBXVariantGroup;
			children = (
				512DD9F31C6AE147001194F9 /* Base */,
			);
			name = Main.storyboard;
			path = Flights;
			sourceTree = "<group>";
		};
		512DD9F71C6AE147001194F9 /* LaunchScreen.storyboard */ = {
			isa = PBXVariantGroup;
			children = (
				512DD9F81C6AE147001194F9 /* Base */,
			);
			name = LaunchScreen.storyboard;
			path = Flights;
			sourceTree = "<group>";
		};
/* End PBXVariantGroup section */

/* Begin XCBuildConfiguration section */
		512DD9FB1C6AE147001194F9 /* Debug */ = {
			isa = XCBuildConfiguration;
			buildSettings = {
				ALWAYS_SEARCH_USER_PATHS = NO;
				CLANG_CXX_LANGUAGE_STANDARD = "gnu++0x";
				CLANG_CXX_LIBRARY = "libc++";
				CLANG_ENABLE_MODULES = YES;
				CLANG_ENABLE_OBJC_ARC = YES;
				CLANG_WARN_BOOL_CONVERSION = YES;
				CLANG_WARN_CONSTANT_CONVERSION = YES;
				CLANG_WARN_DIRECT_OBJC_ISA_USAGE = YES_ERROR;
				CLANG_WARN_EMPTY_BODY = YES;
				CLANG_WARN_ENUM_CONVERSION = YES;
				CLANG_WARN_INT_CONVERSION = YES;
				CLANG_WARN_OBJC_ROOT_CLASS = YES_ERROR;
				CLANG_WARN_UNREACHABLE_CODE = YES;
				CLANG_WARN__DUPLICATE_METHOD_MATCH = YES;
				"CODE_SIGN_IDENTITY[sdk=iphoneos*]" = "iPhone Developer";
				COPY_PHASE_STRIP = NO;
				DEBUG_INFORMATION_FORMAT = dwarf;
				ENABLE_STRICT_OBJC_MSGSEND = YES;
				ENABLE_TESTABILITY = YES;
				GCC_C_LANGUAGE_STANDARD = gnu99;
				GCC_DYNAMIC_NO_PIC = NO;
				GCC_NO_COMMON_BLOCKS = YES;
				GCC_OPTIMIZATION_LEVEL = 0;
				GCC_PREPROCESSOR_DEFINITIONS = (
					"DEBUG=1",
					"$(inherited)",
				);
				GCC_WARN_64_TO_32_BIT_CONVERSION = YES;
				GCC_WARN_ABOUT_RETURN_TYPE = YES_ERROR;
				GCC_WARN_UNDECLARED_SELECTOR = YES;
				GCC_WARN_UNINITIALIZED_AUTOS = YES_AGGRESSIVE;
				GCC_WARN_UNUSED_FUNCTION = YES;
				GCC_WARN_UNUSED_VARIABLE = YES;
				IPHONEOS_DEPLOYMENT_TARGET = 9.2;
				MTL_ENABLE_DEBUG_INFO = YES;
				ONLY_ACTIVE_ARCH = YES;
				SDKROOT = iphoneos;
				SWIFT_OPTIMIZATION_LEVEL = "-Onone";
				TARGETED_DEVICE_FAMILY = "1,2";
			};
			name = Debug;
		};
		512DD9FC1C6AE147001194F9 /* Release */ = {
			isa = XCBuildConfiguration;
			buildSettings = {
				ALWAYS_SEARCH_USER_PATHS = NO;
				CLANG_CXX_LANGUAGE_STANDARD = "gnu++0x";
				CLANG_CXX_LIBRARY = "libc++";
				CLANG_ENABLE_MODULES = YES;
				CLANG_ENABLE_OBJC_ARC = YES;
				CLANG_WARN_BOOL_CONVERSION = YES;
				CLANG_WARN_CONSTANT_CONVERSION = YES;
				CLANG_WARN_DIRECT_OBJC_ISA_USAGE = YES_ERROR;
				CLANG_WARN_EMPTY_BODY = YES;
				CLANG_WARN_ENUM_CONVERSION = YES;
				CLANG_WARN_INT_CONVERSION = YES;
				CLANG_WARN_OBJC_ROOT_CLASS = YES_ERROR;
				CLANG_WARN_UNREACHABLE_CODE = YES;
				CLANG_WARN__DUPLICATE_METHOD_MATCH = YES;
				"CODE_SIGN_IDENTITY[sdk=iphoneos*]" = "iPhone Developer";
				COPY_PHASE_STRIP = NO;
				DEBUG_INFORMATION_FORMAT = "dwarf-with-dsym";
				ENABLE_NS_ASSERTIONS = NO;
				ENABLE_STRICT_OBJC_MSGSEND = YES;
				GCC_C_LANGUAGE_STANDARD = gnu99;
				GCC_NO_COMMON_BLOCKS = YES;
				GCC_WARN_64_TO_32_BIT_CONVERSION = YES;
				GCC_WARN_ABOUT_RETURN_TYPE = YES_ERROR;
				GCC_WARN_UNDECLARED_SELECTOR = YES;
				GCC_WARN_UNINITIALIZED_AUTOS = YES_AGGRESSIVE;
				GCC_WARN_UNUSED_FUNCTION = YES;
				GCC_WARN_UNUSED_VARIABLE = YES;
				IPHONEOS_DEPLOYMENT_TARGET = 9.2;
				MTL_ENABLE_DEBUG_INFO = NO;
				SDKROOT = iphoneos;
				TARGETED_DEVICE_FAMILY = "1,2";
				VALIDATE_PRODUCT = YES;
			};
			name = Release;
		};
		512DD9FE1C6AE147001194F9 /* Debug */ = {
			isa = XCBuildConfiguration;
			baseConfigurationReference = FFE6F51DD1008529AF835FB9 /* Pods-Flights.debug.xcconfig */;
			buildSettings = {
				ASSETCATALOG_COMPILER_APPICON_NAME = AppIcon;
				INFOPLIST_FILE = Flights/Info.plist;
				LD_RUNPATH_SEARCH_PATHS = "$(inherited) @executable_path/Frameworks";
				PRODUCT_BUNDLE_IDENTIFIER = apps.yoon.Flights;
				PRODUCT_NAME = "$(TARGET_NAME)";
			};
			name = Debug;
		};
		512DD9FF1C6AE147001194F9 /* Release */ = {
			isa = XCBuildConfiguration;
			baseConfigurationReference = 375163D6F6A50DBA08327C7F /* Pods-Flights.release.xcconfig */;
			buildSettings = {
				ASSETCATALOG_COMPILER_APPICON_NAME = AppIcon;
				INFOPLIST_FILE = Flights/Info.plist;
				LD_RUNPATH_SEARCH_PATHS = "$(inherited) @executable_path/Frameworks";
				PRODUCT_BUNDLE_IDENTIFIER = apps.yoon.Flights;
				PRODUCT_NAME = "$(TARGET_NAME)";
			};
			name = Release;
		};
/* End XCBuildConfiguration section */

/* Begin XCConfigurationList section */
		512DD9E61C6AE147001194F9 /* Build configuration list for PBXProject "Flights" */ = {
			isa = XCConfigurationList;
			buildConfigurations = (
				512DD9FB1C6AE147001194F9 /* Debug */,
				512DD9FC1C6AE147001194F9 /* Release */,
			);
			defaultConfigurationIsVisible = 0;
			defaultConfigurationName = Release;
		};
		512DD9FD1C6AE147001194F9 /* Build configuration list for PBXNativeTarget "Flights" */ = {
			isa = XCConfigurationList;
			buildConfigurations = (
				512DD9FE1C6AE147001194F9 /* Debug */,
				512DD9FF1C6AE147001194F9 /* Release */,
			);
			defaultConfigurationIsVisible = 0;
			defaultConfigurationName = Release;
		};
/* End XCConfigurationList section */
	};
	rootObject = 512DD9E31C6AE147001194F9 /* Project object */;
}
